
Microsoft Visual Studio Solution File, Format Version 12.00
# Visual Studio Version 17
VisualStudioVersion = 17.5.002.0
MinimumVisualStudioVersion = 10.0.40219.1
Project("{2150E333-8FDC-42A3-9474-1A3956D46DE8}") = "web-application", "web-application", "{5D720850-7A4C-4E33-B700-D9BC42A49907}"
EndProject
Project("{9A19103F-16F7-4668-BE54-9A1E7A4F7556}") = "backend", "web-application\backend\backend.csproj", "{FB462E27-1F33-4748-83B1-EEAF71E15F87}"
EndProject
Global
	GlobalSection(SolutionConfigurationPlatforms) = preSolution
		Debug|Any CPU = Debug|Any CPU
		Release|Any CPU = Release|Any CPU
	EndGlobalSection
	GlobalSection(ProjectConfigurationPlatforms) = postSolution
		{FB462E27-1F33-4748-83B1-EEAF71E15F87}.Debug|Any CPU.ActiveCfg = Debug|Any CPU
		{FB462E27-1F33-4748-83B1-EEAF71E15F87}.Debug|Any CPU.Build.0 = Debug|Any CPU
		{FB462E27-1F33-4748-83B1-EEAF71E15F87}.Release|Any CPU.ActiveCfg = Release|Any CPU
		{FB462E27-1F33-4748-83B1-EEAF71E15F87}.Release|Any CPU.Build.0 = Release|Any CPU
	EndGlobalSection
	GlobalSection(SolutionProperties) = preSolution
		HideSolutionNode = FALSE
	EndGlobalSection
	GlobalSection(NestedProjects) = preSolution
		{FB462E27-1F33-4748-83B1-EEAF71E15F87} = {5D720850-7A4C-4E33-B700-D9BC42A49907}
	EndGlobalSection
	GlobalSection(ExtensibilityGlobals) = postSolution
		SolutionGuid = {7FBAE4F8-EFB1-42EB-91F6-625A9EE10223}
	EndGlobalSection
EndGlobal
